
Microsoft Visual Studio Solution File, Format Version 11.00
# Visual Studio 2010
Project("{8BC9CEB8-8B4A-11D0-8D11-00A0C91BC942}") = "TestCPlusPlusCOMObject", "TestCPlusPlusCOMObject\TestCPlusPlusCOMObject.vcxproj", "{251C9E5A-EEAF-47E3-B08C-13431D80F71A}"
EndProject
Project("{FAE04EC0-301F-11D3-BF4B-00C04F79EFBC}") = "TestCSharpObject", "TestCSharpObject\TestCSharpObject.csproj", "{032A7AAE-B315-4B9E-BDAD-2F02391B6B43}"
EndProject
Global
	GlobalSection(SolutionConfigurationPlatforms) = preSolution
		Debug|Any CPU = Debug|Any CPU
		Debug|Mixed Platforms = Debug|Mixed Platforms
		Debug|Win32 = Debug|Win32
		Release|Any CPU = Release|Any CPU
		Release|Mixed Platforms = Release|Mixed Platforms
		Release|Win32 = Release|Win32
	EndGlobalSection
	GlobalSection(ProjectConfigurationPlatforms) = postSolution
		{251C9E5A-EEAF-47E3-B08C-13431D80F71A}.Debug|Any CPU.ActiveCfg = Debug|Win32
		{251C9E5A-EEAF-47E3-B08C-13431D80F71A}.Debug|Mixed Platforms.ActiveCfg = Debug|Win32
		{251C9E5A-EEAF-47E3-B08C-13431D80F71A}.Debug|Mixed Platforms.Build.0 = Debug|Win32
		{251C9E5A-EEAF-47E3-B08C-13431D80F71A}.Debug|Win32.ActiveCfg = Debug|Win32
		{251C9E5A-EEAF-47E3-B08C-13431D80F71A}.Debug|Win32.Build.0 = Debug|Win32
		{251C9E5A-EEAF-47E3-B08C-13431D80F71A}.Release|Any CPU.ActiveCfg = Release|Win32
		{251C9E5A-EEAF-47E3-B08C-13431D80F71A}.Release|Mixed Platforms.ActiveCfg = Release|Win32
		{251C9E5A-EEAF-47E3-B08C-13431D80F71A}.Release|Mixed Platforms.Build.0 = Release|Win32
		{251C9E5A-EEAF-47E3-B08C-13431D80F71A}.Release|Win32.ActiveCfg = Release|Win32
		{251C9E5A-EEAF-47E3-B08C-13431D80F71A}.Release|Win32.Build.0 = Release|Win32
		{032A7AAE-B315-4B9E-BDAD-2F02391B6B43}.Debug|Any CPU.ActiveCfg = Debug|Any CPU
		{032A7AAE-B315-4B9E-BDAD-2F02391B6B43}.Debug|Any CPU.Build.0 = Debug|Any CPU
		{032A7AAE-B315-4B9E-BDAD-2F02391B6B43}.Debug|Mixed Platforms.ActiveCfg = Debug|Any CPU
		{032A7AAE-B315-4B9E-BDAD-2F02391B6B43}.Debug|Mixed Platforms.Build.0 = Debug|Any CPU
		{032A7AAE-B315-4B9E-BDAD-2F02391B6B43}.Debug|Win32.ActiveCfg = Debug|Any CPU
		{032A7AAE-B315-4B9E-BDAD-2F02391B6B43}.Release|Any CPU.ActiveCfg = Release|Any CPU
		{032A7AAE-B315-4B9E-BDAD-2F02391B6B43}.Release|Any CPU.Build.0 = Release|Any CPU
		{032A7AAE-B315-4B9E-BDAD-2F02391B6B43}.Release|Mixed Platforms.ActiveCfg = Release|Any CPU
		{032A7AAE-B315-4B9E-BDAD-2F02391B6B43}.Release|Mixed Platforms.Build.0 = Release|Any CPU
		{032A7AAE-B315-4B9E-BDAD-2F02391B6B43}.Release|Win32.ActiveCfg = Release|Any CPU
	EndGlobalSection
	GlobalSection(SolutionProperties) = preSolution
		HideSolutionNode = FALSE
	EndGlobalSection
EndGlobal
