
Microsoft Visual Studio Solution File, Format Version 12.00
# Visual Studio 14
VisualStudioVersion = 14.0.25420.1
MinimumVisualStudioVersion = 10.0.40219.1
Project("{FAE04EC0-301F-11D3-BF4B-00C04F79EFBC}") = "TestAppConfigTransform", "TestAppConfigTransform\TestAppConfigTransform.csproj", "{FA629892-50D5-4265-90FE-4B0A3812E58E}"
EndProject
Global
	GlobalSection(SolutionConfigurationPlatforms) = preSolution
		Debug|Any CPU = Debug|Any CPU
		Release|Any CPU = Release|Any CPU
	EndGlobalSection
	GlobalSection(ProjectConfigurationPlatforms) = postSolution
		{FA629892-50D5-4265-90FE-4B0A3812E58E}.Debug|Any CPU.ActiveCfg = Debug|Any CPU
		{FA629892-50D5-4265-90FE-4B0A3812E58E}.Debug|Any CPU.Build.0 = Debug|Any CPU
		{FA629892-50D5-4265-90FE-4B0A3812E58E}.Release|Any CPU.ActiveCfg = Release|Any CPU
		{FA629892-50D5-4265-90FE-4B0A3812E58E}.Release|Any CPU.Build.0 = Release|Any CPU
	EndGlobalSection
	GlobalSection(SolutionProperties) = preSolution
		HideSolutionNode = FALSE
	EndGlobalSection
EndGlobal
