
Microsoft Visual Studio Solution File, Format Version 11.00
# Visual Studio 2010
Project("{FAE04EC0-301F-11D3-BF4B-00C04F79EFBC}") = "TestAddressService", "TestAddressService\TestAddressService.csproj", "{F6ACDA42-EF32-419E-8330-E6DF7B1EDD91}"
EndProject
Global
	GlobalSection(SolutionConfigurationPlatforms) = preSolution
		Debug|x86 = Debug|x86
		Release|x86 = Release|x86
	EndGlobalSection
	GlobalSection(ProjectConfigurationPlatforms) = postSolution
		{F6ACDA42-EF32-419E-8330-E6DF7B1EDD91}.Debug|x86.ActiveCfg = Debug|x86
		{F6ACDA42-EF32-419E-8330-E6DF7B1EDD91}.Debug|x86.Build.0 = Debug|x86
		{F6ACDA42-EF32-419E-8330-E6DF7B1EDD91}.Release|x86.ActiveCfg = Release|x86
		{F6ACDA42-EF32-419E-8330-E6DF7B1EDD91}.Release|x86.Build.0 = Release|x86
	EndGlobalSection
	GlobalSection(SolutionProperties) = preSolution
		HideSolutionNode = FALSE
	EndGlobalSection
EndGlobal
