
Microsoft Visual Studio Solution File, Format Version 12.00
# Visual Studio 14
VisualStudioVersion = 14.0.25420.1
MinimumVisualStudioVersion = 10.0.40219.1
Project("{FAE04EC0-301F-11D3-BF4B-00C04F79EFBC}") = "TestWebApplicationMVC", "TestWebApplicationMVC\TestWebApplicationMVC.csproj", "{16F3DDAC-CF25-4E15-B6C3-4B56DA44C88E}"
EndProject
Project("{FAE04EC0-301F-11D3-BF4B-00C04F79EFBC}") = "TestWebApplicationMVC.Tests", "TestWebApplicationMVC.Tests\TestWebApplicationMVC.Tests.csproj", "{408E07FA-2779-4799-97D1-552BC1087FC9}"
EndProject
Global
	GlobalSection(SolutionConfigurationPlatforms) = preSolution
		Debug|Any CPU = Debug|Any CPU
		Release|Any CPU = Release|Any CPU
	EndGlobalSection
	GlobalSection(ProjectConfigurationPlatforms) = postSolution
		{16F3DDAC-CF25-4E15-B6C3-4B56DA44C88E}.Debug|Any CPU.ActiveCfg = Debug|Any CPU
		{16F3DDAC-CF25-4E15-B6C3-4B56DA44C88E}.Debug|Any CPU.Build.0 = Debug|Any CPU
		{16F3DDAC-CF25-4E15-B6C3-4B56DA44C88E}.Release|Any CPU.ActiveCfg = Release|Any CPU
		{16F3DDAC-CF25-4E15-B6C3-4B56DA44C88E}.Release|Any CPU.Build.0 = Release|Any CPU
		{408E07FA-2779-4799-97D1-552BC1087FC9}.Debug|Any CPU.ActiveCfg = Debug|Any CPU
		{408E07FA-2779-4799-97D1-552BC1087FC9}.Debug|Any CPU.Build.0 = Debug|Any CPU
		{408E07FA-2779-4799-97D1-552BC1087FC9}.Release|Any CPU.ActiveCfg = Release|Any CPU
		{408E07FA-2779-4799-97D1-552BC1087FC9}.Release|Any CPU.Build.0 = Release|Any CPU
	EndGlobalSection
	GlobalSection(SolutionProperties) = preSolution
		HideSolutionNode = FALSE
	EndGlobalSection
EndGlobal
