
Microsoft Visual Studio Solution File, Format Version 11.00
# Visual Studio 2010
Project("{8BC9CEB8-8B4A-11D0-8D11-00A0C91BC942}") = "TestDouble", "TestDouble\TestDouble.vcxproj", "{FAF28F70-DC3E-4CD2-9FC3-D812156F8257}"
EndProject
Global
	GlobalSection(SolutionConfigurationPlatforms) = preSolution
		Debug|Win32 = Debug|Win32
		Release|Win32 = Release|Win32
	EndGlobalSection
	GlobalSection(ProjectConfigurationPlatforms) = postSolution
		{FAF28F70-DC3E-4CD2-9FC3-D812156F8257}.Debug|Win32.ActiveCfg = Debug|Win32
		{FAF28F70-DC3E-4CD2-9FC3-D812156F8257}.Debug|Win32.Build.0 = Debug|Win32
		{FAF28F70-DC3E-4CD2-9FC3-D812156F8257}.Release|Win32.ActiveCfg = Release|Win32
		{FAF28F70-DC3E-4CD2-9FC3-D812156F8257}.Release|Win32.Build.0 = Release|Win32
	EndGlobalSection
	GlobalSection(SolutionProperties) = preSolution
		HideSolutionNode = FALSE
	EndGlobalSection
EndGlobal
