
Microsoft Visual Studio Solution File, Format Version 11.00
# Visual Studio 2010
Project("{8BC9CEB8-8B4A-11D0-8D11-00A0C91BC942}") = "TestStaticCpp", "TestStaticCpp\TestStaticCpp.vcxproj", "{FF6CE9A3-8A53-48C8-BB1F-3C64478124B5}"
EndProject
Global
	GlobalSection(SolutionConfigurationPlatforms) = preSolution
		Debug|Win32 = Debug|Win32
		Release|Win32 = Release|Win32
	EndGlobalSection
	GlobalSection(ProjectConfigurationPlatforms) = postSolution
		{FF6CE9A3-8A53-48C8-BB1F-3C64478124B5}.Debug|Win32.ActiveCfg = Debug|Win32
		{FF6CE9A3-8A53-48C8-BB1F-3C64478124B5}.Debug|Win32.Build.0 = Debug|Win32
		{FF6CE9A3-8A53-48C8-BB1F-3C64478124B5}.Release|Win32.ActiveCfg = Release|Win32
		{FF6CE9A3-8A53-48C8-BB1F-3C64478124B5}.Release|Win32.Build.0 = Release|Win32
	EndGlobalSection
	GlobalSection(SolutionProperties) = preSolution
		HideSolutionNode = FALSE
	EndGlobalSection
EndGlobal
