
Microsoft Visual Studio Solution File, Format Version 11.00
# Visual Studio 2010
Project("{8BC9CEB8-8B4A-11D0-8D11-00A0C91BC942}") = "TestResource", "TestResource\TestResource.vcxproj", "{21D79F56-F683-4DA2-B71A-6D81E7EF8C41}"
EndProject
Global
	GlobalSection(SolutionConfigurationPlatforms) = preSolution
		Debug|Win32 = Debug|Win32
		Release|Win32 = Release|Win32
	EndGlobalSection
	GlobalSection(ProjectConfigurationPlatforms) = postSolution
		{21D79F56-F683-4DA2-B71A-6D81E7EF8C41}.Debug|Win32.ActiveCfg = Debug|Win32
		{21D79F56-F683-4DA2-B71A-6D81E7EF8C41}.Debug|Win32.Build.0 = Debug|Win32
		{21D79F56-F683-4DA2-B71A-6D81E7EF8C41}.Release|Win32.ActiveCfg = Release|Win32
		{21D79F56-F683-4DA2-B71A-6D81E7EF8C41}.Release|Win32.Build.0 = Release|Win32
	EndGlobalSection
	GlobalSection(SolutionProperties) = preSolution
		HideSolutionNode = FALSE
	EndGlobalSection
EndGlobal
